
Microsoft Visual Studio Solution File, Format Version 12.00
# Visual Studio Version 16
VisualStudioVersion = 16.0.29102.190
MinimumVisualStudioVersion = 10.0.40219.1
Project("{FAE04EC0-301F-11D3-BF4B-00C04F79EFBC}") = "RegistrationForm", "RegistrationForm\RegistrationForm.csproj", "{873EE34B-481C-4855-97D9-2C8702EA38B3}"
EndProject
Global
	GlobalSection(SolutionConfigurationPlatforms) = preSolution
		Debug|Any CPU = Debug|Any CPU
		Release|Any CPU = Release|Any CPU
	EndGlobalSection
	GlobalSection(ProjectConfigurationPlatforms) = postSolution
		{873EE34B-481C-4855-97D9-2C8702EA38B3}.Debug|Any CPU.ActiveCfg = Debug|Any CPU
		{873EE34B-481C-4855-97D9-2C8702EA38B3}.Debug|Any CPU.Build.0 = Debug|Any CPU
		{873EE34B-481C-4855-97D9-2C8702EA38B3}.Release|Any CPU.ActiveCfg = Release|Any CPU
		{873EE34B-481C-4855-97D9-2C8702EA38B3}.Release|Any CPU.Build.0 = Release|Any CPU
	EndGlobalSection
	GlobalSection(SolutionProperties) = preSolution
		HideSolutionNode = FALSE
	EndGlobalSection
	GlobalSection(ExtensibilityGlobals) = postSolution
		SolutionGuid = {37F94C2A-A541-4FAA-8008-36C09F1BE43B}
	EndGlobalSection
EndGlobal
